// !$*UTF8*$!
{
	archiveVersion = 1;
	classes = {
	};
	objectVersion = 48;
	objects = {

/* Begin PBXBuildFile section */
		515D867297508BCB1E14ACD0 /* Pods_RecordStudy.framework in Frameworks */ = {isa = PBXBuildFile; fileRef = C7F838899B7B4E98B09778A0 /* Pods_RecordStudy.framework */; };
		6718090F17EF0A68DBE3A5E6 /* Pods_RecordStudyUITests.framework in Frameworks */ = {isa = PBXBuildFile; fileRef = DDE211C45B8018BA4B41C7E9 /* Pods_RecordStudyUITests.framework */; };
		DB026F5B20CE288100A6164D /* SettingViewController.swift in Sources */ = {isa = PBXBuildFile; fileRef = DB026F5A20CE288100A6164D /* SettingViewController.swift */; };
		DB0936061FD97FE400B99047 /* AppDelegate.swift in Sources */ = {isa = PBXBuildFile; fileRef = DB0936051FD97FE400B99047 /* AppDelegate.swift */; };
		DB0936081FD97FE400B99047 /* MainViewController.swift in Sources */ = {isa = PBXBuildFile; fileRef = DB0936071FD97FE400B99047 /* MainViewController.swift */; };
		DB09360B1FD97FE400B99047 /* Main.storyboard in Resources */ = {isa = PBXBuildFile; fileRef = DB0936091FD97FE400B99047 /* Main.storyboard */; };
		DB09360D1FD97FE400B99047 /* Assets.xcassets in Resources */ = {isa = PBXBuildFile; fileRef = DB09360C1FD97FE400B99047 /* Assets.xcassets */; };
		DB0936101FD97FE400B99047 /* LaunchScreen.storyboard in Resources */ = {isa = PBXBuildFile; fileRef = DB09360E1FD97FE400B99047 /* LaunchScreen.storyboard */; };
		DB09361B1FD97FE400B99047 /* RecordStudyTests.swift in Sources */ = {isa = PBXBuildFile; fileRef = DB09361A1FD97FE400B99047 /* RecordStudyTests.swift */; };
		DB0936261FD97FE400B99047 /* RecordStudyUITests.swift in Sources */ = {isa = PBXBuildFile; fileRef = DB0936251FD97FE400B99047 /* RecordStudyUITests.swift */; };
		DB23826F21132C7500FF4AD0 /* Setting.swift in Sources */ = {isa = PBXBuildFile; fileRef = DB23826E21132C7500FF4AD0 /* Setting.swift */; };
		DB2382742124EF3D00FF4AD0 /* MedalViewController.swift in Sources */ = {isa = PBXBuildFile; fileRef = DB2382732124EF3D00FF4AD0 /* MedalViewController.swift */; };
		DB2382762124F5C400FF4AD0 /* MedalCell.swift in Sources */ = {isa = PBXBuildFile; fileRef = DB2382752124F5C400FF4AD0 /* MedalCell.swift */; };
		DB52429C20E1B276004828AF /* ParsistManager.swift in Sources */ = {isa = PBXBuildFile; fileRef = DB52429B20E1B276004828AF /* ParsistManager.swift */; };
		DBAB2B40216714C800EA6AE0 /* GetMedal.storyboard in Resources */ = {isa = PBXBuildFile; fileRef = DBAB2B3F216714C800EA6AE0 /* GetMedal.storyboard */; };
		DBAB2B44217D4B7700EA6AE0 /* Setting.storyboard in Resources */ = {isa = PBXBuildFile; fileRef = DBAB2B43217D4B7700EA6AE0 /* Setting.storyboard */; };
		DBAB2B46217D7FDA00EA6AE0 /* Medal.storyboard in Resources */ = {isa = PBXBuildFile; fileRef = DBAB2B45217D7FD900EA6AE0 /* Medal.storyboard */; };
		DBAB2B4C217DE0EF00EA6AE0 /* ResultInput.storyboard in Resources */ = {isa = PBXBuildFile; fileRef = DBAB2B4B217DE0EF00EA6AE0 /* ResultInput.storyboard */; };
		DBAB2B5521910A3C00EA6AE0 /* License.plist in Resources */ = {isa = PBXBuildFile; fileRef = DBAB2B5421910A3C00EA6AE0 /* License.plist */; };
		DBAB2B5A2191448F00EA6AE0 /* LicenseLabel.swift in Sources */ = {isa = PBXBuildFile; fileRef = DBAB2B592191448F00EA6AE0 /* LicenseLabel.swift */; };
		DBB4F79D20F827B900420398 /* RecordStudySegue.swift in Sources */ = {isa = PBXBuildFile; fileRef = DBB4F79C20F827B900420398 /* RecordStudySegue.swift */; };
		DBB4F7A920FDA1B000420398 /* ResultInputViewController.swift in Sources */ = {isa = PBXBuildFile; fileRef = DBB4F7A820FDA1B000420398 /* ResultInputViewController.swift */; };
		DBC225932155032A0059F4E9 /* GetMedalViewController.swift in Sources */ = {isa = PBXBuildFile; fileRef = DBC225922155032A0059F4E9 /* GetMedalViewController.swift */; };
		DBC22595215865B90059F4E9 /* CVCalendarContentViewController+Extensions.swift in Sources */ = {isa = PBXBuildFile; fileRef = DBC22594215865B90059F4E9 /* CVCalendarContentViewController+Extensions.swift */; };
		DBC2259A21599DF90059F4E9 /* Tutorial01.storyboard in Resources */ = {isa = PBXBuildFile; fileRef = DBC2259921599DF90059F4E9 /* Tutorial01.storyboard */; };
		DBC2259C21599E110059F4E9 /* Tutorial01ViewController.swift in Sources */ = {isa = PBXBuildFile; fileRef = DBC2259B21599E110059F4E9 /* Tutorial01ViewController.swift */; };
		DBC2259F215AF7E20059F4E9 /* SettingView.swift in Sources */ = {isa = PBXBuildFile; fileRef = DBC2259E215AF7E20059F4E9 /* SettingView.swift */; };
		DBE6AA3120D9C6D300036C44 /* Date+Extensions.swift in Sources */ = {isa = PBXBuildFile; fileRef = DBE6AA3020D9C6D300036C44 /* Date+Extensions.swift */; };
		E6F96D466A802F5A8D9C80D5 /* Pods_RecordStudyTests.framework in Frameworks */ = {isa = PBXBuildFile; fileRef = 7A12212348EF6CF891E9629D /* Pods_RecordStudyTests.framework */; };
/* End PBXBuildFile section */

/* Begin PBXContainerItemProxy section */
		DB0936171FD97FE400B99047 /* PBXContainerItemProxy */ = {
			isa = PBXContainerItemProxy;
			containerPortal = DB0935FA1FD97FE400B99047 /* Project object */;
			proxyType = 1;
			remoteGlobalIDString = DB0936011FD97FE400B99047;
			remoteInfo = RecordStudy;
		};
		DB0936221FD97FE400B99047 /* PBXContainerItemProxy */ = {
			isa = PBXContainerItemProxy;
			containerPortal = DB0935FA1FD97FE400B99047 /* Project object */;
			proxyType = 1;
			remoteGlobalIDString = DB0936011FD97FE400B99047;
			remoteInfo = RecordStudy;
		};
/* End PBXContainerItemProxy section */

/* Begin PBXFileReference section */
		501424E4FC7DFD7BCBC59ECB /* Pods-RecordStudyTests.release.xcconfig */ = {isa = PBXFileReference; includeInIndex = 1; lastKnownFileType = text.xcconfig; name = "Pods-RecordStudyTests.release.xcconfig"; path = "Pods/Target Support Files/Pods-RecordStudyTests/Pods-RecordStudyTests.release.xcconfig"; sourceTree = "<group>"; };
		5A8CF3E59C7EA14F7E279459 /* Pods-RecordStudyTests.debug.xcconfig */ = {isa = PBXFileReference; includeInIndex = 1; lastKnownFileType = text.xcconfig; name = "Pods-RecordStudyTests.debug.xcconfig"; path = "Pods/Target Support Files/Pods-RecordStudyTests/Pods-RecordStudyTests.debug.xcconfig"; sourceTree = "<group>"; };
		6361820760410A3BF4886DB2 /* Pods-RecordStudyUITests.release.xcconfig */ = {isa = PBXFileReference; includeInIndex = 1; lastKnownFileType = text.xcconfig; name = "Pods-RecordStudyUITests.release.xcconfig"; path = "Pods/Target Support Files/Pods-RecordStudyUITests/Pods-RecordStudyUITests.release.xcconfig"; sourceTree = "<group>"; };
		787FF47D68725072B3D47B39 /* Pods-RecordStudy.debug.xcconfig */ = {isa = PBXFileReference; includeInIndex = 1; lastKnownFileType = text.xcconfig; name = "Pods-RecordStudy.debug.xcconfig"; path = "Pods/Target Support Files/Pods-RecordStudy/Pods-RecordStudy.debug.xcconfig"; sourceTree = "<group>"; };
		7A12212348EF6CF891E9629D /* Pods_RecordStudyTests.framework */ = {isa = PBXFileReference; explicitFileType = wrapper.framework; includeInIndex = 0; path = Pods_RecordStudyTests.framework; sourceTree = BUILT_PRODUCTS_DIR; };
		A25A7D96F029AA044E256983 /* Pods-RecordStudyUITests.debug.xcconfig */ = {isa = PBXFileReference; includeInIndex = 1; lastKnownFileType = text.xcconfig; name = "Pods-RecordStudyUITests.debug.xcconfig"; path = "Pods/Target Support Files/Pods-RecordStudyUITests/Pods-RecordStudyUITests.debug.xcconfig"; sourceTree = "<group>"; };
		C360013740AA656B82328D59 /* Pods-RecordStudy.release.xcconfig */ = {isa = PBXFileReference; includeInIndex = 1; lastKnownFileType = text.xcconfig; name = "Pods-RecordStudy.release.xcconfig"; path = "Pods/Target Support Files/Pods-RecordStudy/Pods-RecordStudy.release.xcconfig"; sourceTree = "<group>"; };
		C7F838899B7B4E98B09778A0 /* Pods_RecordStudy.framework */ = {isa = PBXFileReference; explicitFileType = wrapper.framework; includeInIndex = 0; path = Pods_RecordStudy.framework; sourceTree = BUILT_PRODUCTS_DIR; };
		DB026F5A20CE288100A6164D /* SettingViewController.swift */ = {isa = PBXFileReference; lastKnownFileType = sourcecode.swift; path = SettingViewController.swift; sourceTree = "<group>"; };
		DB0936021FD97FE400B99047 /* RecordStudy.app */ = {isa = PBXFileReference; explicitFileType = wrapper.application; includeInIndex = 0; path = RecordStudy.app; sourceTree = BUILT_PRODUCTS_DIR; };
		DB0936051FD97FE400B99047 /* AppDelegate.swift */ = {isa = PBXFileReference; lastKnownFileType = sourcecode.swift; path = AppDelegate.swift; sourceTree = "<group>"; };
		DB0936071FD97FE400B99047 /* MainViewController.swift */ = {isa = PBXFileReference; lastKnownFileType = sourcecode.swift; path = MainViewController.swift; sourceTree = "<group>"; };
		DB09360A1FD97FE400B99047 /* Base */ = {isa = PBXFileReference; lastKnownFileType = file.storyboard; name = Base; path = Base.lproj/Main.storyboard; sourceTree = "<group>"; };
		DB09360C1FD97FE400B99047 /* Assets.xcassets */ = {isa = PBXFileReference; lastKnownFileType = folder.assetcatalog; path = Assets.xcassets; sourceTree = "<group>"; };
		DB09360F1FD97FE400B99047 /* Base */ = {isa = PBXFileReference; lastKnownFileType = file.storyboard; name = Base; path = Base.lproj/LaunchScreen.storyboard; sourceTree = "<group>"; };
		DB0936111FD97FE400B99047 /* Info.plist */ = {isa = PBXFileReference; lastKnownFileType = text.plist.xml; path = Info.plist; sourceTree = "<group>"; };
		DB0936161FD97FE400B99047 /* RecordStudyTests.xctest */ = {isa = PBXFileReference; explicitFileType = wrapper.cfbundle; includeInIndex = 0; path = RecordStudyTests.xctest; sourceTree = BUILT_PRODUCTS_DIR; };
		DB09361A1FD97FE400B99047 /* RecordStudyTests.swift */ = {isa = PBXFileReference; lastKnownFileType = sourcecode.swift; path = RecordStudyTests.swift; sourceTree = "<group>"; };
		DB09361C1FD97FE400B99047 /* Info.plist */ = {isa = PBXFileReference; lastKnownFileType = text.plist.xml; path = Info.plist; sourceTree = "<group>"; };
		DB0936211FD97FE400B99047 /* RecordStudyUITests.xctest */ = {isa = PBXFileReference; explicitFileType = wrapper.cfbundle; includeInIndex = 0; path = RecordStudyUITests.xctest; sourceTree = BUILT_PRODUCTS_DIR; };
		DB0936251FD97FE400B99047 /* RecordStudyUITests.swift */ = {isa = PBXFileReference; lastKnownFileType = sourcecode.swift; path = RecordStudyUITests.swift; sourceTree = "<group>"; };
		DB0936271FD97FE400B99047 /* Info.plist */ = {isa = PBXFileReference; lastKnownFileType = text.plist.xml; path = Info.plist; sourceTree = "<group>"; };
		DB23826E21132C7500FF4AD0 /* Setting.swift */ = {isa = PBXFileReference; lastKnownFileType = sourcecode.swift; path = Setting.swift; sourceTree = "<group>"; };
		DB2382732124EF3D00FF4AD0 /* MedalViewController.swift */ = {isa = PBXFileReference; lastKnownFileType = sourcecode.swift; path = MedalViewController.swift; sourceTree = "<group>"; };
		DB2382752124F5C400FF4AD0 /* MedalCell.swift */ = {isa = PBXFileReference; lastKnownFileType = sourcecode.swift; path = MedalCell.swift; sourceTree = "<group>"; };
		DB52429B20E1B276004828AF /* ParsistManager.swift */ = {isa = PBXFileReference; lastKnownFileType = sourcecode.swift; path = ParsistManager.swift; sourceTree = "<group>"; };
		DBAB2B3F216714C800EA6AE0 /* GetMedal.storyboard */ = {isa = PBXFileReference; lastKnownFileType = file.storyboard; path = GetMedal.storyboard; sourceTree = "<group>"; };
		DBAB2B43217D4B7700EA6AE0 /* Setting.storyboard */ = {isa = PBXFileReference; fileEncoding = 4; lastKnownFileType = file.storyboard; path = Setting.storyboard; sourceTree = "<group>"; };
		DBAB2B45217D7FD900EA6AE0 /* Medal.storyboard */ = {isa = PBXFileReference; fileEncoding = 4; lastKnownFileType = file.storyboard; path = Medal.storyboard; sourceTree = "<group>"; };
		DBAB2B4B217DE0EF00EA6AE0 /* ResultInput.storyboard */ = {isa = PBXFileReference; fileEncoding = 4; lastKnownFileType = file.storyboard; path = ResultInput.storyboard; sourceTree = "<group>"; };
		DBAB2B5421910A3C00EA6AE0 /* License.plist */ = {isa = PBXFileReference; lastKnownFileType = text.plist.xml; path = License.plist; sourceTree = "<group>"; };
		DBAB2B592191448F00EA6AE0 /* LicenseLabel.swift */ = {isa = PBXFileReference; lastKnownFileType = sourcecode.swift; path = LicenseLabel.swift; sourceTree = "<group>"; };
		DBB4F79C20F827B900420398 /* RecordStudySegue.swift */ = {isa = PBXFileReference; lastKnownFileType = sourcecode.swift; path = RecordStudySegue.swift; sourceTree = "<group>"; };
		DBB4F7A820FDA1B000420398 /* ResultInputViewController.swift */ = {isa = PBXFileReference; lastKnownFileType = sourcecode.swift; path = ResultInputViewController.swift; sourceTree = "<group>"; };
		DBC225922155032A0059F4E9 /* GetMedalViewController.swift */ = {isa = PBXFileReference; lastKnownFileType = sourcecode.swift; path = GetMedalViewController.swift; sourceTree = "<group>"; };
		DBC22594215865B90059F4E9 /* CVCalendarContentViewController+Extensions.swift */ = {isa = PBXFileReference; lastKnownFileType = sourcecode.swift; path = "CVCalendarContentViewController+Extensions.swift"; sourceTree = "<group>"; };
		DBC2259921599DF90059F4E9 /* Tutorial01.storyboard */ = {isa = PBXFileReference; lastKnownFileType = file.storyboard; path = Tutorial01.storyboard; sourceTree = "<group>"; };
		DBC2259B21599E110059F4E9 /* Tutorial01ViewController.swift */ = {isa = PBXFileReference; lastKnownFileType = sourcecode.swift; path = Tutorial01ViewController.swift; sourceTree = "<group>"; };
		DBC2259E215AF7E20059F4E9 /* SettingView.swift */ = {isa = PBXFileReference; lastKnownFileType = sourcecode.swift; path = SettingView.swift; sourceTree = "<group>"; };
		DBE6AA3020D9C6D300036C44 /* Date+Extensions.swift */ = {isa = PBXFileReference; lastKnownFileType = sourcecode.swift; path = "Date+Extensions.swift"; sourceTree = "<group>"; };
		DDE211C45B8018BA4B41C7E9 /* Pods_RecordStudyUITests.framework */ = {isa = PBXFileReference; explicitFileType = wrapper.framework; includeInIndex = 0; path = Pods_RecordStudyUITests.framework; sourceTree = BUILT_PRODUCTS_DIR; };
/* End PBXFileReference section */

/* Begin PBXFrameworksBuildPhase section */
		DB0935FF1FD97FE400B99047 /* Frameworks */ = {
			isa = PBXFrameworksBuildPhase;
			buildActionMask = 2147483647;
			files = (
				515D867297508BCB1E14ACD0 /* Pods_RecordStudy.framework in Frameworks */,
			);
			runOnlyForDeploymentPostprocessing = 0;
		};
		DB0936131FD97FE400B99047 /* Frameworks */ = {
			isa = PBXFrameworksBuildPhase;
			buildActionMask = 2147483647;
			files = (
				E6F96D466A802F5A8D9C80D5 /* Pods_RecordStudyTests.framework in Frameworks */,
			);
			runOnlyForDeploymentPostprocessing = 0;
		};
		DB09361E1FD97FE400B99047 /* Frameworks */ = {
			isa = PBXFrameworksBuildPhase;
			buildActionMask = 2147483647;
			files = (
				6718090F17EF0A68DBE3A5E6 /* Pods_RecordStudyUITests.framework in Frameworks */,
			);
			runOnlyForDeploymentPostprocessing = 0;
		};
/* End PBXFrameworksBuildPhase section */

/* Begin PBXGroup section */
		4041D83727D43166824D067A /* Pods */ = {
			isa = PBXGroup;
			children = (
				787FF47D68725072B3D47B39 /* Pods-RecordStudy.debug.xcconfig */,
				C360013740AA656B82328D59 /* Pods-RecordStudy.release.xcconfig */,
				5A8CF3E59C7EA14F7E279459 /* Pods-RecordStudyTests.debug.xcconfig */,
				501424E4FC7DFD7BCBC59ECB /* Pods-RecordStudyTests.release.xcconfig */,
				A25A7D96F029AA044E256983 /* Pods-RecordStudyUITests.debug.xcconfig */,
				6361820760410A3BF4886DB2 /* Pods-RecordStudyUITests.release.xcconfig */,
			);
			name = Pods;
			sourceTree = "<group>";
		};
		D3263B95D46079BD84A01772 /* Frameworks */ = {
			isa = PBXGroup;
			children = (
				C7F838899B7B4E98B09778A0 /* Pods_RecordStudy.framework */,
				7A12212348EF6CF891E9629D /* Pods_RecordStudyTests.framework */,
				DDE211C45B8018BA4B41C7E9 /* Pods_RecordStudyUITests.framework */,
			);
			name = Frameworks;
			sourceTree = "<group>";
		};
		DB0935F91FD97FE400B99047 = {
			isa = PBXGroup;
			children = (
				DB0936041FD97FE400B99047 /* RecordStudy */,
				DB0936191FD97FE400B99047 /* RecordStudyTests */,
				DB0936241FD97FE400B99047 /* RecordStudyUITests */,
				DB0936031FD97FE400B99047 /* Products */,
				4041D83727D43166824D067A /* Pods */,
				D3263B95D46079BD84A01772 /* Frameworks */,
			);
			sourceTree = "<group>";
		};
		DB0936031FD97FE400B99047 /* Products */ = {
			isa = PBXGroup;
			children = (
				DB0936021FD97FE400B99047 /* RecordStudy.app */,
				DB0936161FD97FE400B99047 /* RecordStudyTests.xctest */,
				DB0936211FD97FE400B99047 /* RecordStudyUITests.xctest */,
			);
			name = Products;
			sourceTree = "<group>";
		};
		DB0936041FD97FE400B99047 /* RecordStudy */ = {
			isa = PBXGroup;
			children = (
				DB0936051FD97FE400B99047 /* AppDelegate.swift */,
				DB09360C1FD97FE400B99047 /* Assets.xcassets */,
				DB0936111FD97FE400B99047 /* Info.plist */,
				DBC2259821599D260059F4E9 /* Manager */,
				DBC2259721599CFC0059F4E9 /* ViewController */,
				DBC2259621599C260059F4E9 /* Extension */,
				DB2382702113CC9E00FF4AD0 /* Enum */,
				DBC2259D215AF7800059F4E9 /* Protocol */,
				DBAB2B5B219146CC00EA6AE0 /* UI */,
			);
			path = RecordStudy;
			sourceTree = "<group>";
		};
		DB0936191FD97FE400B99047 /* RecordStudyTests */ = {
			isa = PBXGroup;
			children = (
				DB09361A1FD97FE400B99047 /* RecordStudyTests.swift */,
				DB09361C1FD97FE400B99047 /* Info.plist */,
			);
			path = RecordStudyTests;
			sourceTree = "<group>";
		};
		DB0936241FD97FE400B99047 /* RecordStudyUITests */ = {
			isa = PBXGroup;
			children = (
				DB0936251FD97FE400B99047 /* RecordStudyUITests.swift */,
				DB0936271FD97FE400B99047 /* Info.plist */,
			);
			path = RecordStudyUITests;
			sourceTree = "<group>";
		};
		DB2382702113CC9E00FF4AD0 /* Enum */ = {
			isa = PBXGroup;
			children = (
				DB23826E21132C7500FF4AD0 /* Setting.swift */,
				DBB4F79C20F827B900420398 /* RecordStudySegue.swift */,
			);
			path = Enum;
			sourceTree = "<group>";
		};
		DBAB2B4D217DE9A400EA6AE0 /* Main */ = {
			isa = PBXGroup;
			children = (
				DB0936091FD97FE400B99047 /* Main.storyboard */,
				DB0936071FD97FE400B99047 /* MainViewController.swift */,
			);
			path = Main;
			sourceTree = "<group>";
		};
		DBAB2B4E217DE9B700EA6AE0 /* Launch */ = {
			isa = PBXGroup;
			children = (
				DB09360E1FD97FE400B99047 /* LaunchScreen.storyboard */,
			);
			path = Launch;
			sourceTree = "<group>";
		};
		DBAB2B4F217E93EF00EA6AE0 /* Setting */ = {
			isa = PBXGroup;
			children = (
				DBAB2B43217D4B7700EA6AE0 /* Setting.storyboard */,
				DB026F5A20CE288100A6164D /* SettingViewController.swift */,
			);
			path = Setting;
			sourceTree = "<group>";
		};
		DBAB2B50217E940800EA6AE0 /* ResultInput */ = {
			isa = PBXGroup;
			children = (
				DBAB2B4B217DE0EF00EA6AE0 /* ResultInput.storyboard */,
				DBB4F7A820FDA1B000420398 /* ResultInputViewController.swift */,
			);
			path = ResultInput;
			sourceTree = "<group>";
		};
		DBAB2B51217E942C00EA6AE0 /* Medal */ = {
			isa = PBXGroup;
			children = (
				DBAB2B45217D7FD900EA6AE0 /* Medal.storyboard */,
				DB2382732124EF3D00FF4AD0 /* MedalViewController.swift */,
				DB2382752124F5C400FF4AD0 /* MedalCell.swift */,
			);
			path = Medal;
			sourceTree = "<group>";
		};
		DBAB2B52217E945500EA6AE0 /* GetMedal */ = {
			isa = PBXGroup;
			children = (
				DBAB2B3F216714C800EA6AE0 /* GetMedal.storyboard */,
				DBC225922155032A0059F4E9 /* GetMedalViewController.swift */,
			);
			path = GetMedal;
			sourceTree = "<group>";
		};
		DBAB2B53217E947600EA6AE0 /* Tutorial */ = {
			isa = PBXGroup;
			children = (
				DBC2259921599DF90059F4E9 /* Tutorial01.storyboard */,
				DBC2259B21599E110059F4E9 /* Tutorial01ViewController.swift */,
			);
			path = Tutorial;
			sourceTree = "<group>";
		};
		DBAB2B5B219146CC00EA6AE0 /* UI */ = {
			isa = PBXGroup;
			children = (
				DBAB2B5421910A3C00EA6AE0 /* License.plist */,
				DBAB2B592191448F00EA6AE0 /* LicenseLabel.swift */,
			);
			path = UI;
			sourceTree = "<group>";
		};
		DBC2259621599C260059F4E9 /* Extension */ = {
			isa = PBXGroup;
			children = (
				DBE6AA3020D9C6D300036C44 /* Date+Extensions.swift */,
				DBC22594215865B90059F4E9 /* CVCalendarContentViewController+Extensions.swift */,
			);
			path = Extension;
			sourceTree = "<group>";
		};
		DBC2259721599CFC0059F4E9 /* ViewController */ = {
			isa = PBXGroup;
			children = (
				DBAB2B4E217DE9B700EA6AE0 /* Launch */,
				DBAB2B4D217DE9A400EA6AE0 /* Main */,
				DBAB2B4F217E93EF00EA6AE0 /* Setting */,
				DBAB2B50217E940800EA6AE0 /* ResultInput */,
				DBAB2B51217E942C00EA6AE0 /* Medal */,
				DBAB2B52217E945500EA6AE0 /* GetMedal */,
				DBAB2B53217E947600EA6AE0 /* Tutorial */,
			);
			path = ViewController;
			sourceTree = "<group>";
		};
		DBC2259821599D260059F4E9 /* Manager */ = {
			isa = PBXGroup;
			children = (
				DB52429B20E1B276004828AF /* ParsistManager.swift */,
			);
			path = Manager;
			sourceTree = "<group>";
		};
		DBC2259D215AF7800059F4E9 /* Protocol */ = {
			isa = PBXGroup;
			children = (
				DBC2259E215AF7E20059F4E9 /* SettingView.swift */,
			);
			path = Protocol;
			sourceTree = "<group>";
		};
/* End PBXGroup section */

/* Begin PBXNativeTarget section */
		DB0936011FD97FE400B99047 /* RecordStudy */ = {
			isa = PBXNativeTarget;
			buildConfigurationList = DB09362A1FD97FE400B99047 /* Build configuration list for PBXNativeTarget "RecordStudy" */;
			buildPhases = (
				488899C2D19671216FA8B4ED /* [CP] Check Pods Manifest.lock */,
				DB0935FE1FD97FE400B99047 /* Sources */,
				DB0935FF1FD97FE400B99047 /* Frameworks */,
				DB0936001FD97FE400B99047 /* Resources */,
				CB9B0696C7C0154B9DFE042D /* [CP] Embed Pods Frameworks */,
				D384DC0EB1E29D30BBE53C98 /* [CP] Copy Pods Resources */,
			);
			buildRules = (
			);
			dependencies = (
			);
			name = RecordStudy;
			productName = RecordStudy;
			productReference = DB0936021FD97FE400B99047 /* RecordStudy.app */;
			productType = "com.apple.product-type.application";
		};
		DB0936151FD97FE400B99047 /* RecordStudyTests */ = {
			isa = PBXNativeTarget;
			buildConfigurationList = DB09362D1FD97FE400B99047 /* Build configuration list for PBXNativeTarget "RecordStudyTests" */;
			buildPhases = (
				9062982501C9A05CCA035539 /* [CP] Check Pods Manifest.lock */,
				DB0936121FD97FE400B99047 /* Sources */,
				DB0936131FD97FE400B99047 /* Frameworks */,
				DB0936141FD97FE400B99047 /* Resources */,
				3B3FAC7C2FA4C570D1B52D00 /* [CP] Embed Pods Frameworks */,
				B280635EFF8429A5FF8069B0 /* [CP] Copy Pods Resources */,
			);
			buildRules = (
			);
			dependencies = (
				DB0936181FD97FE400B99047 /* PBXTargetDependency */,
			);
			name = RecordStudyTests;
			productName = RecordStudyTests;
			productReference = DB0936161FD97FE400B99047 /* RecordStudyTests.xctest */;
			productType = "com.apple.product-type.bundle.unit-test";
		};
		DB0936201FD97FE400B99047 /* RecordStudyUITests */ = {
			isa = PBXNativeTarget;
			buildConfigurationList = DB0936301FD97FE400B99047 /* Build configuration list for PBXNativeTarget "RecordStudyUITests" */;
			buildPhases = (
				4701F2F787BFC20CDBE45956 /* [CP] Check Pods Manifest.lock */,
				DB09361D1FD97FE400B99047 /* Sources */,
				DB09361E1FD97FE400B99047 /* Frameworks */,
				DB09361F1FD97FE400B99047 /* Resources */,
				AD12AE4816C03B9D82DCF2D9 /* [CP] Embed Pods Frameworks */,
				36637FA4F89E9BC350EC3814 /* [CP] Copy Pods Resources */,
			);
			buildRules = (
			);
			dependencies = (
				DB0936231FD97FE400B99047 /* PBXTargetDependency */,
			);
			name = RecordStudyUITests;
			productName = RecordStudyUITests;
			productReference = DB0936211FD97FE400B99047 /* RecordStudyUITests.xctest */;
			productType = "com.apple.product-type.bundle.ui-testing";
		};
/* End PBXNativeTarget section */

/* Begin PBXProject section */
		DB0935FA1FD97FE400B99047 /* Project object */ = {
			isa = PBXProject;
			attributes = {
				LastSwiftUpdateCheck = 0910;
				LastUpgradeCheck = 0940;
				ORGANIZATIONNAME = "角倉 優一";
				TargetAttributes = {
					DB0936011FD97FE400B99047 = {
						CreatedOnToolsVersion = 9.1;
						ProvisioningStyle = Manual;
					};
					DB0936151FD97FE400B99047 = {
						CreatedOnToolsVersion = 9.1;
						ProvisioningStyle = Automatic;
						TestTargetID = DB0936011FD97FE400B99047;
					};
					DB0936201FD97FE400B99047 = {
						CreatedOnToolsVersion = 9.1;
						ProvisioningStyle = Automatic;
						TestTargetID = DB0936011FD97FE400B99047;
					};
				};
			};
			buildConfigurationList = DB0935FD1FD97FE400B99047 /* Build configuration list for PBXProject "RecordStudy" */;
			compatibilityVersion = "Xcode 8.0";
			developmentRegion = en;
			hasScannedForEncodings = 0;
			knownRegions = (
				en,
				Base,
			);
			mainGroup = DB0935F91FD97FE400B99047;
			productRefGroup = DB0936031FD97FE400B99047 /* Products */;
			projectDirPath = "";
			projectRoot = "";
			targets = (
				DB0936011FD97FE400B99047 /* RecordStudy */,
				DB0936151FD97FE400B99047 /* RecordStudyTests */,
				DB0936201FD97FE400B99047 /* RecordStudyUITests */,
			);
		};
/* End PBXProject section */

/* Begin PBXResourcesBuildPhase section */
		DB0936001FD97FE400B99047 /* Resources */ = {
			isa = PBXResourcesBuildPhase;
			buildActionMask = 2147483647;
			files = (
				DBAB2B40216714C800EA6AE0 /* GetMedal.storyboard in Resources */,
				DBAB2B46217D7FDA00EA6AE0 /* Medal.storyboard in Resources */,
				DBAB2B5521910A3C00EA6AE0 /* License.plist in Resources */,
				DB0936101FD97FE400B99047 /* LaunchScreen.storyboard in Resources */,
				DBC2259A21599DF90059F4E9 /* Tutorial01.storyboard in Resources */,
				DBAB2B4C217DE0EF00EA6AE0 /* ResultInput.storyboard in Resources */,
				DB09360D1FD97FE400B99047 /* Assets.xcassets in Resources */,
				DB09360B1FD97FE400B99047 /* Main.storyboard in Resources */,
				DBAB2B44217D4B7700EA6AE0 /* Setting.storyboard in Resources */,
			);
			runOnlyForDeploymentPostprocessing = 0;
		};
		DB0936141FD97FE400B99047 /* Resources */ = {
			isa = PBXResourcesBuildPhase;
			buildActionMask = 2147483647;
			files = (
			);
			runOnlyForDeploymentPostprocessing = 0;
		};
		DB09361F1FD97FE400B99047 /* Resources */ = {
			isa = PBXResourcesBuildPhase;
			buildActionMask = 2147483647;
			files = (
			);
			runOnlyForDeploymentPostprocessing = 0;
		};
/* End PBXResourcesBuildPhase section */

/* Begin PBXShellScriptBuildPhase section */
		36637FA4F89E9BC350EC3814 /* [CP] Copy Pods Resources */ = {
			isa = PBXShellScriptBuildPhase;
			buildActionMask = 2147483647;
			files = (
			);
			inputPaths = (
			);
			name = "[CP] Copy Pods Resources";
			outputPaths = (
			);
			runOnlyForDeploymentPostprocessing = 0;
			shellPath = /bin/sh;
			shellScript = "\"${SRCROOT}/Pods/Target Support Files/Pods-RecordStudyUITests/Pods-RecordStudyUITests-resources.sh\"\n";
			showEnvVarsInLog = 0;
		};
		3B3FAC7C2FA4C570D1B52D00 /* [CP] Embed Pods Frameworks */ = {
			isa = PBXShellScriptBuildPhase;
			buildActionMask = 2147483647;
			files = (
			);
			inputPaths = (
			);
			name = "[CP] Embed Pods Frameworks";
			outputPaths = (
			);
			runOnlyForDeploymentPostprocessing = 0;
			shellPath = /bin/sh;
			shellScript = "\"${SRCROOT}/Pods/Target Support Files/Pods-RecordStudyTests/Pods-RecordStudyTests-frameworks.sh\"\n";
			showEnvVarsInLog = 0;
		};
		4701F2F787BFC20CDBE45956 /* [CP] Check Pods Manifest.lock */ = {
			isa = PBXShellScriptBuildPhase;
			buildActionMask = 2147483647;
			files = (
			);
			inputPaths = (
				"${PODS_PODFILE_DIR_PATH}/Podfile.lock",
				"${PODS_ROOT}/Manifest.lock",
			);
			name = "[CP] Check Pods Manifest.lock";
			outputPaths = (
				"$(DERIVED_FILE_DIR)/Pods-RecordStudyUITests-checkManifestLockResult.txt",
			);
			runOnlyForDeploymentPostprocessing = 0;
			shellPath = /bin/sh;
			shellScript = "diff \"${PODS_PODFILE_DIR_PATH}/Podfile.lock\" \"${PODS_ROOT}/Manifest.lock\" > /dev/null\nif [ $? != 0 ] ; then\n    # print error to STDERR\n    echo \"error: The sandbox is not in sync with the Podfile.lock. Run 'pod install' or update your CocoaPods installation.\" >&2\n    exit 1\nfi\n# This output is used by Xcode 'outputs' to avoid re-running this script phase.\necho \"SUCCESS\" > \"${SCRIPT_OUTPUT_FILE_0}\"\n";
			showEnvVarsInLog = 0;
		};
		488899C2D19671216FA8B4ED /* [CP] Check Pods Manifest.lock */ = {
			isa = PBXShellScriptBuildPhase;
			buildActionMask = 2147483647;
			files = (
			);
			inputPaths = (
				"${PODS_PODFILE_DIR_PATH}/Podfile.lock",
				"${PODS_ROOT}/Manifest.lock",
			);
			name = "[CP] Check Pods Manifest.lock";
			outputPaths = (
				"$(DERIVED_FILE_DIR)/Pods-RecordStudy-checkManifestLockResult.txt",
			);
			runOnlyForDeploymentPostprocessing = 0;
			shellPath = /bin/sh;
			shellScript = "diff \"${PODS_PODFILE_DIR_PATH}/Podfile.lock\" \"${PODS_ROOT}/Manifest.lock\" > /dev/null\nif [ $? != 0 ] ; then\n    # print error to STDERR\n    echo \"error: The sandbox is not in sync with the Podfile.lock. Run 'pod install' or update your CocoaPods installation.\" >&2\n    exit 1\nfi\n# This output is used by Xcode 'outputs' to avoid re-running this script phase.\necho \"SUCCESS\" > \"${SCRIPT_OUTPUT_FILE_0}\"\n";
			showEnvVarsInLog = 0;
		};
		9062982501C9A05CCA035539 /* [CP] Check Pods Manifest.lock */ = {
			isa = PBXShellScriptBuildPhase;
			buildActionMask = 2147483647;
			files = (
			);
			inputPaths = (
				"${PODS_PODFILE_DIR_PATH}/Podfile.lock",
				"${PODS_ROOT}/Manifest.lock",
			);
			name = "[CP] Check Pods Manifest.lock";
			outputPaths = (
				"$(DERIVED_FILE_DIR)/Pods-RecordStudyTests-checkManifestLockResult.txt",
			);
			runOnlyForDeploymentPostprocessing = 0;
			shellPath = /bin/sh;
			shellScript = "diff \"${PODS_PODFILE_DIR_PATH}/Podfile.lock\" \"${PODS_ROOT}/Manifest.lock\" > /dev/null\nif [ $? != 0 ] ; then\n    # print error to STDERR\n    echo \"error: The sandbox is not in sync with the Podfile.lock. Run 'pod install' or update your CocoaPods installation.\" >&2\n    exit 1\nfi\n# This output is used by Xcode 'outputs' to avoid re-running this script phase.\necho \"SUCCESS\" > \"${SCRIPT_OUTPUT_FILE_0}\"\n";
			showEnvVarsInLog = 0;
		};
		AD12AE4816C03B9D82DCF2D9 /* [CP] Embed Pods Frameworks */ = {
			isa = PBXShellScriptBuildPhase;
			buildActionMask = 2147483647;
			files = (
			);
			inputPaths = (
			);
			name = "[CP] Embed Pods Frameworks";
			outputPaths = (
			);
			runOnlyForDeploymentPostprocessing = 0;
			shellPath = /bin/sh;
			shellScript = "\"${SRCROOT}/Pods/Target Support Files/Pods-RecordStudyUITests/Pods-RecordStudyUITests-frameworks.sh\"\n";
			showEnvVarsInLog = 0;
		};
		B280635EFF8429A5FF8069B0 /* [CP] Copy Pods Resources */ = {
			isa = PBXShellScriptBuildPhase;
			buildActionMask = 2147483647;
			files = (
			);
			inputPaths = (
			);
			name = "[CP] Copy Pods Resources";
			outputPaths = (
			);
			runOnlyForDeploymentPostprocessing = 0;
			shellPath = /bin/sh;
			shellScript = "\"${SRCROOT}/Pods/Target Support Files/Pods-RecordStudyTests/Pods-RecordStudyTests-resources.sh\"\n";
			showEnvVarsInLog = 0;
		};
		CB9B0696C7C0154B9DFE042D /* [CP] Embed Pods Frameworks */ = {
			isa = PBXShellScriptBuildPhase;
			buildActionMask = 2147483647;
			files = (
			);
			inputPaths = (
				"${SRCROOT}/Pods/Target Support Files/Pods-RecordStudy/Pods-RecordStudy-frameworks.sh",
				"${BUILT_PRODUCTS_DIR}/CVCalendar/CVCalendar.framework",
			);
			name = "[CP] Embed Pods Frameworks";
			outputPaths = (
				"${TARGET_BUILD_DIR}/${FRAMEWORKS_FOLDER_PATH}/CVCalendar.framework",
			);
			runOnlyForDeploymentPostprocessing = 0;
			shellPath = /bin/sh;
			shellScript = "\"${SRCROOT}/Pods/Target Support Files/Pods-RecordStudy/Pods-RecordStudy-frameworks.sh\"\n";
			showEnvVarsInLog = 0;
		};
		D384DC0EB1E29D30BBE53C98 /* [CP] Copy Pods Resources */ = {
			isa = PBXShellScriptBuildPhase;
			buildActionMask = 2147483647;
			files = (
			);
			inputPaths = (
			);
			name = "[CP] Copy Pods Resources";
			outputPaths = (
			);
			runOnlyForDeploymentPostprocessing = 0;
			shellPath = /bin/sh;
			shellScript = "\"${SRCROOT}/Pods/Target Support Files/Pods-RecordStudy/Pods-RecordStudy-resources.sh\"\n";
			showEnvVarsInLog = 0;
		};
/* End PBXShellScriptBuildPhase section */

/* Begin PBXSourcesBuildPhase section */
		DB0935FE1FD97FE400B99047 /* Sources */ = {
			isa = PBXSourcesBuildPhase;
			buildActionMask = 2147483647;
			files = (
				DBAB2B5A2191448F00EA6AE0 /* LicenseLabel.swift in Sources */,
				DBB4F7A920FDA1B000420398 /* ResultInputViewController.swift in Sources */,
				DB0936081FD97FE400B99047 /* MainViewController.swift in Sources */,
				DBE6AA3120D9C6D300036C44 /* Date+Extensions.swift in Sources */,
				DBC2259F215AF7E20059F4E9 /* SettingView.swift in Sources */,
				DBC22595215865B90059F4E9 /* CVCalendarContentViewController+Extensions.swift in Sources */,
				DB2382762124F5C400FF4AD0 /* MedalCell.swift in Sources */,
				DB0936061FD97FE400B99047 /* AppDelegate.swift in Sources */,
				DB52429C20E1B276004828AF /* ParsistManager.swift in Sources */,
				DB2382742124EF3D00FF4AD0 /* MedalViewController.swift in Sources */,
				DBC2259C21599E110059F4E9 /* Tutorial01ViewController.swift in Sources */,
				DB026F5B20CE288100A6164D /* SettingViewController.swift in Sources */,
				DB23826F21132C7500FF4AD0 /* Setting.swift in Sources */,
				DBB4F79D20F827B900420398 /* RecordStudySegue.swift in Sources */,
				DBC225932155032A0059F4E9 /* GetMedalViewController.swift in Sources */,
			);
			runOnlyForDeploymentPostprocessing = 0;
		};
		DB0936121FD97FE400B99047 /* Sources */ = {
			isa = PBXSourcesBuildPhase;
			buildActionMask = 2147483647;
			files = (
				DB09361B1FD97FE400B99047 /* RecordStudyTests.swift in Sources */,
			);
			runOnlyForDeploymentPostprocessing = 0;
		};
		DB09361D1FD97FE400B99047 /* Sources */ = {
			isa = PBXSourcesBuildPhase;
			buildActionMask = 2147483647;
			files = (
				DB0936261FD97FE400B99047 /* RecordStudyUITests.swift in Sources */,
			);
			runOnlyForDeploymentPostprocessing = 0;
		};
/* End PBXSourcesBuildPhase section */

/* Begin PBXTargetDependency section */
		DB0936181FD97FE400B99047 /* PBXTargetDependency */ = {
			isa = PBXTargetDependency;
			target = DB0936011FD97FE400B99047 /* RecordStudy */;
			targetProxy = DB0936171FD97FE400B99047 /* PBXContainerItemProxy */;
		};
		DB0936231FD97FE400B99047 /* PBXTargetDependency */ = {
			isa = PBXTargetDependency;
			target = DB0936011FD97FE400B99047 /* RecordStudy */;
			targetProxy = DB0936221FD97FE400B99047 /* PBXContainerItemProxy */;
		};
/* End PBXTargetDependency section */

/* Begin PBXVariantGroup section */
		DB0936091FD97FE400B99047 /* Main.storyboard */ = {
			isa = PBXVariantGroup;
			children = (
				DB09360A1FD97FE400B99047 /* Base */,
			);
			name = Main.storyboard;
			sourceTree = "<group>";
		};
		DB09360E1FD97FE400B99047 /* LaunchScreen.storyboard */ = {
			isa = PBXVariantGroup;
			children = (
				DB09360F1FD97FE400B99047 /* Base */,
			);
			name = LaunchScreen.storyboard;
			sourceTree = "<group>";
		};
/* End PBXVariantGroup section */

/* Begin XCBuildConfiguration section */
		DB0936281FD97FE400B99047 /* Debug */ = {
			isa = XCBuildConfiguration;
			buildSettings = {
				ALWAYS_SEARCH_USER_PATHS = NO;
				CLANG_ANALYZER_NONNULL = YES;
				CLANG_ANALYZER_NUMBER_OBJECT_CONVERSION = YES_AGGRESSIVE;
				CLANG_CXX_LANGUAGE_STANDARD = "gnu++14";
				CLANG_CXX_LIBRARY = "libc++";
				CLANG_ENABLE_MODULES = YES;
				CLANG_ENABLE_OBJC_ARC = YES;
				CLANG_WARN_BLOCK_CAPTURE_AUTORELEASING = YES;
				CLANG_WARN_BOOL_CONVERSION = YES;
				CLANG_WARN_COMMA = YES;
				CLANG_WARN_CONSTANT_CONVERSION = YES;
				CLANG_WARN_DEPRECATED_OBJC_IMPLEMENTATIONS = YES;
				CLANG_WARN_DIRECT_OBJC_ISA_USAGE = YES_ERROR;
				CLANG_WARN_DOCUMENTATION_COMMENTS = YES;
				CLANG_WARN_EMPTY_BODY = YES;
				CLANG_WARN_ENUM_CONVERSION = YES;
				CLANG_WARN_INFINITE_RECURSION = YES;
				CLANG_WARN_INT_CONVERSION = YES;
				CLANG_WARN_NON_LITERAL_NULL_CONVERSION = YES;
				CLANG_WARN_OBJC_IMPLICIT_RETAIN_SELF = YES;
				CLANG_WARN_OBJC_LITERAL_CONVERSION = YES;
				CLANG_WARN_OBJC_ROOT_CLASS = YES_ERROR;
				CLANG_WARN_RANGE_LOOP_ANALYSIS = YES;
				CLANG_WARN_STRICT_PROTOTYPES = YES;
				CLANG_WARN_SUSPICIOUS_MOVE = YES;
				CLANG_WARN_UNGUARDED_AVAILABILITY = YES_AGGRESSIVE;
				CLANG_WARN_UNREACHABLE_CODE = YES;
				CLANG_WARN__DUPLICATE_METHOD_MATCH = YES;
				CODE_SIGN_IDENTITY = "iPhone Developer";
				COPY_PHASE_STRIP = NO;
				DEBUG_INFORMATION_FORMAT = dwarf;
				ENABLE_STRICT_OBJC_MSGSEND = YES;
				ENABLE_TESTABILITY = YES;
				GCC_C_LANGUAGE_STANDARD = gnu11;
				GCC_DYNAMIC_NO_PIC = NO;
				GCC_NO_COMMON_BLOCKS = YES;
				GCC_OPTIMIZATION_LEVEL = 0;
				GCC_PREPROCESSOR_DEFINITIONS = (
					"DEBUG=1",
					"$(inherited)",
				);
				GCC_WARN_64_TO_32_BIT_CONVERSION = YES;
				GCC_WARN_ABOUT_RETURN_TYPE = YES_ERROR;
				GCC_WARN_UNDECLARED_SELECTOR = YES;
				GCC_WARN_UNINITIALIZED_AUTOS = YES_AGGRESSIVE;
				GCC_WARN_UNUSED_FUNCTION = YES;
				GCC_WARN_UNUSED_VARIABLE = YES;
				IPHONEOS_DEPLOYMENT_TARGET = 11.1;
				MTL_ENABLE_DEBUG_INFO = YES;
				ONLY_ACTIVE_ARCH = YES;
				SDKROOT = iphoneos;
				SWIFT_ACTIVE_COMPILATION_CONDITIONS = DEBUG;
				SWIFT_OPTIMIZATION_LEVEL = "-Onone";
			};
			name = Debug;
		};
		DB0936291FD97FE400B99047 /* Release */ = {
			isa = XCBuildConfiguration;
			buildSettings = {
				ALWAYS_SEARCH_USER_PATHS = NO;
				CLANG_ANALYZER_NONNULL = YES;
				CLANG_ANALYZER_NUMBER_OBJECT_CONVERSION = YES_AGGRESSIVE;
				CLANG_CXX_LANGUAGE_STANDARD = "gnu++14";
				CLANG_CXX_LIBRARY = "libc++";
				CLANG_ENABLE_MODULES = YES;
				CLANG_ENABLE_OBJC_ARC = YES;
				CLANG_WARN_BLOCK_CAPTURE_AUTORELEASING = YES;
				CLANG_WARN_BOOL_CONVERSION = YES;
				CLANG_WARN_COMMA = YES;
				CLANG_WARN_CONSTANT_CONVERSION = YES;
				CLANG_WARN_DEPRECATED_OBJC_IMPLEMENTATIONS = YES;
				CLANG_WARN_DIRECT_OBJC_ISA_USAGE = YES_ERROR;
				CLANG_WARN_DOCUMENTATION_COMMENTS = YES;
				CLANG_WARN_EMPTY_BODY = YES;
				CLANG_WARN_ENUM_CONVERSION = YES;
				CLANG_WARN_INFINITE_RECURSION = YES;
				CLANG_WARN_INT_CONVERSION = YES;
				CLANG_WARN_NON_LITERAL_NULL_CONVERSION = YES;
				CLANG_WARN_OBJC_IMPLICIT_RETAIN_SELF = YES;
				CLANG_WARN_OBJC_LITERAL_CONVERSION = YES;
				CLANG_WARN_OBJC_ROOT_CLASS = YES_ERROR;
				CLANG_WARN_RANGE_LOOP_ANALYSIS = YES;
				CLANG_WARN_STRICT_PROTOTYPES = YES;
				CLANG_WARN_SUSPICIOUS_MOVE = YES;
				CLANG_WARN_UNGUARDED_AVAILABILITY = YES_AGGRESSIVE;
				CLANG_WARN_UNREACHABLE_CODE = YES;
				CLANG_WARN__DUPLICATE_METHOD_MATCH = YES;
				CODE_SIGN_IDENTITY = "iPhone Developer";
				COPY_PHASE_STRIP = NO;
				DEBUG_INFORMATION_FORMAT = "dwarf-with-dsym";
				ENABLE_NS_ASSERTIONS = NO;
				ENABLE_STRICT_OBJC_MSGSEND = YES;
				GCC_C_LANGUAGE_STANDARD = gnu11;
				GCC_NO_COMMON_BLOCKS = YES;
				GCC_WARN_64_TO_32_BIT_CONVERSION = YES;
				GCC_WARN_ABOUT_RETURN_TYPE = YES_ERROR;
				GCC_WARN_UNDECLARED_SELECTOR = YES;
				GCC_WARN_UNINITIALIZED_AUTOS = YES_AGGRESSIVE;
				GCC_WARN_UNUSED_FUNCTION = YES;
				GCC_WARN_UNUSED_VARIABLE = YES;
				IPHONEOS_DEPLOYMENT_TARGET = 11.1;
				MTL_ENABLE_DEBUG_INFO = NO;
				SDKROOT = iphoneos;
				SWIFT_OPTIMIZATION_LEVEL = "-Owholemodule";
				VALIDATE_PRODUCT = YES;
			};
			name = Release;
		};
		DB09362B1FD97FE400B99047 /* Debug */ = {
			isa = XCBuildConfiguration;
			baseConfigurationReference = 787FF47D68725072B3D47B39 /* Pods-RecordStudy.debug.xcconfig */;
			buildSettings = {
				ASSETCATALOG_COMPILER_APPICON_NAME = AppIcon;
				CODE_SIGN_STYLE = Manual;
				DEVELOPMENT_TEAM = 6E3S32VXU8;
				ENABLE_BITCODE = NO;
				INFOPLIST_FILE = RecordStudy/Info.plist;
				IPHONEOS_DEPLOYMENT_TARGET = 9.3;
				LD_RUNPATH_SEARCH_PATHS = "$(inherited) @executable_path/Frameworks";
				PRODUCT_BUNDLE_IDENTIFIER = com.ahoworld.RecordStudy;
				PRODUCT_NAME = "$(TARGET_NAME)";
				PROVISIONING_PROFILE = "ba071618-cc32-4987-93e5-7431d92db8d9";
				PROVISIONING_PROFILE_SPECIFIER = com.ahoworld.RecordStudy;
				SWIFT_VERSION = 4.0;
				TARGETED_DEVICE_FAMILY = "1,2";
			};
			name = Debug;
		};
		DB09362C1FD97FE400B99047 /* Release */ = {
			isa = XCBuildConfiguration;
			baseConfigurationReference = C360013740AA656B82328D59 /* Pods-RecordStudy.release.xcconfig */;
			buildSettings = {
				ASSETCATALOG_COMPILER_APPICON_NAME = AppIcon;
				CODE_SIGN_IDENTITY = "iPhone Distribution";
				CODE_SIGN_STYLE = Manual;
				DEVELOPMENT_TEAM = 6E3S32VXU8;
				ENABLE_BITCODE = NO;
				INFOPLIST_FILE = RecordStudy/Info.plist;
				IPHONEOS_DEPLOYMENT_TARGET = 9.3;
				LD_RUNPATH_SEARCH_PATHS = "$(inherited) @executable_path/Frameworks";
				PRODUCT_BUNDLE_IDENTIFIER = com.ahoworld.RecordStudy;
				PRODUCT_NAME = "$(TARGET_NAME)";
				PROVISIONING_PROFILE = "be9b9964-1ebd-41f6-9b16-c3632b53da3c";
				PROVISIONING_PROFILE_SPECIFIER = RecordStudy;
				SWIFT_VERSION = 4.0;
				TARGETED_DEVICE_FAMILY = "1,2";
			};
			name = Release;
		};
		DB09362E1FD97FE400B99047 /* Debug */ = {
			isa = XCBuildConfiguration;
			baseConfigurationReference = 5A8CF3E59C7EA14F7E279459 /* Pods-RecordStudyTests.debug.xcconfig */;
			buildSettings = {
				ALWAYS_EMBED_SWIFT_STANDARD_LIBRARIES = YES;
				BUNDLE_LOADER = "$(TEST_HOST)";
				CODE_SIGN_STYLE = Automatic;
				DEVELOPMENT_TEAM = 6E3S32VXU8;
				INFOPLIST_FILE = RecordStudyTests/Info.plist;
				LD_RUNPATH_SEARCH_PATHS = "$(inherited) @executable_path/Frameworks @loader_path/Frameworks";
				PRODUCT_BUNDLE_IDENTIFIER = com.ahoworld.RecordStudyTests;
				PRODUCT_NAME = "$(TARGET_NAME)";
				SWIFT_VERSION = 4.0;
				TARGETED_DEVICE_FAMILY = "1,2";
				TEST_HOST = "$(BUILT_PRODUCTS_DIR)/RecordStudy.app/RecordStudy";
			};
			name = Debug;
		};
		DB09362F1FD97FE400B99047 /* Release */ = {
			isa = XCBuildConfiguration;
			baseConfigurationReference = 501424E4FC7DFD7BCBC59ECB /* Pods-RecordStudyTests.release.xcconfig */;
			buildSettings = {
				ALWAYS_EMBED_SWIFT_STANDARD_LIBRARIES = YES;
				BUNDLE_LOADER = "$(TEST_HOST)";
				CODE_SIGN_STYLE = Automatic;
				DEVELOPMENT_TEAM = 6E3S32VXU8;
				INFOPLIST_FILE = RecordStudyTests/Info.plist;
				LD_RUNPATH_SEARCH_PATHS = "$(inherited) @executable_path/Frameworks @loader_path/Frameworks";
				PRODUCT_BUNDLE_IDENTIFIER = com.ahoworld.RecordStudyTests;
				PRODUCT_NAME = "$(TARGET_NAME)";
				SWIFT_VERSION = 4.0;
				TARGETED_DEVICE_FAMILY = "1,2";
				TEST_HOST = "$(BUILT_PRODUCTS_DIR)/RecordStudy.app/RecordStudy";
			};
			name = Release;
		};
		DB0936311FD97FE400B99047 /* Debug */ = {
			isa = XCBuildConfiguration;
			baseConfigurationReference = A25A7D96F029AA044E256983 /* Pods-RecordStudyUITests.debug.xcconfig */;
			buildSettings = {
				ALWAYS_EMBED_SWIFT_STANDARD_LIBRARIES = YES;
				CODE_SIGN_STYLE = Automatic;
				DEVELOPMENT_TEAM = 6E3S32VXU8;
				INFOPLIST_FILE = RecordStudyUITests/Info.plist;
				LD_RUNPATH_SEARCH_PATHS = "$(inherited) @executable_path/Frameworks @loader_path/Frameworks";
				PRODUCT_BUNDLE_IDENTIFIER = com.ahoworld.RecordStudyUITests;
				PRODUCT_NAME = "$(TARGET_NAME)";
				SWIFT_VERSION = 4.0;
				TARGETED_DEVICE_FAMILY = "1,2";
				TEST_TARGET_NAME = RecordStudy;
			};
			name = Debug;
		};
		DB0936321FD97FE400B99047 /* Release */ = {
			isa = XCBuildConfiguration;
			baseConfigurationReference = 6361820760410A3BF4886DB2 /* Pods-RecordStudyUITests.release.xcconfig */;
			buildSettings = {
				ALWAYS_EMBED_SWIFT_STANDARD_LIBRARIES = YES;
				CODE_SIGN_STYLE = Automatic;
				DEVELOPMENT_TEAM = 6E3S32VXU8;
				INFOPLIST_FILE = RecordStudyUITests/Info.plist;
				LD_RUNPATH_SEARCH_PATHS = "$(inherited) @executable_path/Frameworks @loader_path/Frameworks";
				PRODUCT_BUNDLE_IDENTIFIER = com.ahoworld.RecordStudyUITests;
				PRODUCT_NAME = "$(TARGET_NAME)";
				SWIFT_VERSION = 4.0;
				TARGETED_DEVICE_FAMILY = "1,2";
				TEST_TARGET_NAME = RecordStudy;
			};
			name = Release;
		};
/* End XCBuildConfiguration section */

/* Begin XCConfigurationList section */
		DB0935FD1FD97FE400B99047 /* Build configuration list for PBXProject "RecordStudy" */ = {
			isa = XCConfigurationList;
			buildConfigurations = (
				DB0936281FD97FE400B99047 /* Debug */,
				DB0936291FD97FE400B99047 /* Release */,
			);
			defaultConfigurationIsVisible = 0;
			defaultConfigurationName = Release;
		};
		DB09362A1FD97FE400B99047 /* Build configuration list for PBXNativeTarget "RecordStudy" */ = {
			isa = XCConfigurationList;
			buildConfigurations = (
				DB09362B1FD97FE400B99047 /* Debug */,
				DB09362C1FD97FE400B99047 /* Release */,
			);
			defaultConfigurationIsVisible = 0;
			defaultConfigurationName = Release;
		};
		DB09362D1FD97FE400B99047 /* Build configuration list for PBXNativeTarget "RecordStudyTests" */ = {
			isa = XCConfigurationList;
			buildConfigurations = (
				DB09362E1FD97FE400B99047 /* Debug */,
				DB09362F1FD97FE400B99047 /* Release */,
			);
			defaultConfigurationIsVisible = 0;
			defaultConfigurationName = Release;
		};
		DB0936301FD97FE400B99047 /* Build configuration list for PBXNativeTarget "RecordStudyUITests" */ = {
			isa = XCConfigurationList;
			buildConfigurations = (
				DB0936311FD97FE400B99047 /* Debug */,
				DB0936321FD97FE400B99047 /* Release */,
			);
			defaultConfigurationIsVisible = 0;
			defaultConfigurationName = Release;
		};
/* End XCConfigurationList section */
	};
	rootObject = DB0935FA1FD97FE400B99047 /* Project object */;
}
